
Microsoft Visual Studio Solution File, Format Version 12.00
# Visual Studio Version 17
VisualStudioVersion = 17.5.002.0
MinimumVisualStudioVersion = 10.0.40219.1
Project("{9A19103F-16F7-4668-BE54-9A1E7A4F7556}") = "Fooa-MiniChallenge2-towtofour", "Fooa-MiniChallenge2-towtofour.csproj", "{867E2D1F-F2AF-4B6A-ACA7-CC021F3CBA88}"
EndProject
Global
	GlobalSection(SolutionConfigurationPlatforms) = preSolution
		Debug|Any CPU = Debug|Any CPU
		Release|Any CPU = Release|Any CPU
	EndGlobalSection
	GlobalSection(ProjectConfigurationPlatforms) = postSolution
		{867E2D1F-F2AF-4B6A-ACA7-CC021F3CBA88}.Debug|Any CPU.ActiveCfg = Debug|Any CPU
		{867E2D1F-F2AF-4B6A-ACA7-CC021F3CBA88}.Debug|Any CPU.Build.0 = Debug|Any CPU
		{867E2D1F-F2AF-4B6A-ACA7-CC021F3CBA88}.Release|Any CPU.ActiveCfg = Release|Any CPU
		{867E2D1F-F2AF-4B6A-ACA7-CC021F3CBA88}.Release|Any CPU.Build.0 = Release|Any CPU
	EndGlobalSection
	GlobalSection(SolutionProperties) = preSolution
		HideSolutionNode = FALSE
	EndGlobalSection
	GlobalSection(ExtensibilityGlobals) = postSolution
		SolutionGuid = {E126105E-ACC8-4C21-9F7D-00CFD47E3325}
	EndGlobalSection
EndGlobal
